PODS:
  - Alamofire (5.2.2)
  - GoogleMaps (3.9.0):
    - GoogleMaps/Maps (= 3.9.0)
  - GoogleMaps/Base (3.9.0)
  - GoogleMaps/Maps (3.9.0):
    - GoogleMaps/Base
  - GooglePlaces (3.9.0):
    - GoogleMaps/Base (= 3.9.0)
  - SwiftyJSON (5.0.0)

DEPENDENCIES:
  - Alamofire
  - GoogleMaps
  - GooglePlaces
  - SwiftyJSON

SPEC REPOS:
  trunk:
    - Alamofire
    - GoogleMaps
    - GooglePlaces
    - SwiftyJSON

SPEC CHECKSUMS:
  Alamofire: 814429acc853c6c54ff123fc3d2ef66803823ce0
  GoogleMaps: 4b5346bddfe6911bb89155d43c903020170523ac
  GooglePlaces: 1634d019549b969d40fe0ccb0b9513055adebe01
  SwiftyJSON: 36413e04c44ee145039d332b4f4e2d3e8d6c4db7

PODFILE CHECKSUM: 60573d6770a445b86809155404e8c8fc353ab404

COCOAPODS: 1.8.4
